
Microsoft Visual Studio Solution File, Format Version 12.00
# Visual Studio Version 16
VisualStudioVersion = 16.0.31729.503
MinimumVisualStudioVersion = 10.0.40219.1
Project("{9A19103F-16F7-4668-BE54-9A1E7A4F7556}") = "MinuteByMinute", "MinuteByMinute\MinuteByMinute.csproj", "{ACEFB2ED-0B3C-45E3-AF21-6B70662529CD}"
EndProject
Project("{9A19103F-16F7-4668-BE54-9A1E7A4F7556}") = "Core", "Core\Core.csproj", "{6612720B-73D4-4D6A-B63C-B7CDCFA2656B}"
EndProject
Project("{FAE04EC0-301F-11D3-BF4B-00C04F79EFBC}") = "Data", "Data\Data.csproj", "{4CB82F3F-EBF3-45BD-BD87-3F56E463C8A2}"
EndProject
Global
	GlobalSection(SolutionConfigurationPlatforms) = preSolution
		Debug|Any CPU = Debug|Any CPU
		Release|Any CPU = Release|Any CPU
	EndGlobalSection
	GlobalSection(ProjectConfigurationPlatforms) = postSolution
		{ACEFB2ED-0B3C-45E3-AF21-6B70662529CD}.Debug|Any CPU.ActiveCfg = Debug|Any CPU
		{ACEFB2ED-0B3C-45E3-AF21-6B70662529CD}.Debug|Any CPU.Build.0 = Debug|Any CPU
		{ACEFB2ED-0B3C-45E3-AF21-6B70662529CD}.Release|Any CPU.ActiveCfg = Release|Any CPU
		{ACEFB2ED-0B3C-45E3-AF21-6B70662529CD}.Release|Any CPU.Build.0 = Release|Any CPU
		{6612720B-73D4-4D6A-B63C-B7CDCFA2656B}.Debug|Any CPU.ActiveCfg = Debug|Any CPU
		{6612720B-73D4-4D6A-B63C-B7CDCFA2656B}.Debug|Any CPU.Build.0 = Debug|Any CPU
		{6612720B-73D4-4D6A-B63C-B7CDCFA2656B}.Release|Any CPU.ActiveCfg = Release|Any CPU
		{6612720B-73D4-4D6A-B63C-B7CDCFA2656B}.Release|Any CPU.Build.0 = Release|Any CPU
		{4CB82F3F-EBF3-45BD-BD87-3F56E463C8A2}.Debug|Any CPU.ActiveCfg = Debug|Any CPU
		{4CB82F3F-EBF3-45BD-BD87-3F56E463C8A2}.Debug|Any CPU.Build.0 = Debug|Any CPU
		{4CB82F3F-EBF3-45BD-BD87-3F56E463C8A2}.Release|Any CPU.ActiveCfg = Release|Any CPU
		{4CB82F3F-EBF3-45BD-BD87-3F56E463C8A2}.Release|Any CPU.Build.0 = Release|Any CPU
	EndGlobalSection
	GlobalSection(SolutionProperties) = preSolution
		HideSolutionNode = FALSE
	EndGlobalSection
	GlobalSection(ExtensibilityGlobals) = postSolution
		SolutionGuid = {363D9E4D-6DD2-4CC3-AD37-010D588A45A6}
	EndGlobalSection
EndGlobal
